
Microsoft Visual Studio Solution File, Format Version 12.00
# Visual Studio 15
VisualStudioVersion = 15.0.26730.10
MinimumVisualStudioVersion = 10.0.40219.1
Project("{9A19103F-16F7-4668-BE54-9A1E7A4F7556}") = "EdmxConverter.WebAPI", "WebAPI\EdmxConverter.WebAPI.csproj", "{3082B597-85A8-4BD6-B2B0-9E3E762CD7D9}"
EndProject
Project("{9A19103F-16F7-4668-BE54-9A1E7A4F7556}") = "EdmxConverter.Schema", "Schema\EdmxConverter.Schema.csproj", "{E10CEA3B-8BCD-40E2-BA74-366AF0100F2C}"
EndProject
Project("{9A19103F-16F7-4668-BE54-9A1E7A4F7556}") = "EdmxConverter.Logic", "Logic\EdmxConverter.Logic.csproj", "{A86DA6FC-D715-4D0B-8705-1383BC16C658}"
EndProject
Global
	GlobalSection(SolutionConfigurationPlatforms) = preSolution
		Debug|Any CPU = Debug|Any CPU
		Release|Any CPU = Release|Any CPU
	EndGlobalSection
	GlobalSection(ProjectConfigurationPlatforms) = postSolution
		{3082B597-85A8-4BD6-B2B0-9E3E762CD7D9}.Debug|Any CPU.ActiveCfg = Debug|Any CPU
		{3082B597-85A8-4BD6-B2B0-9E3E762CD7D9}.Debug|Any CPU.Build.0 = Debug|Any CPU
		{3082B597-85A8-4BD6-B2B0-9E3E762CD7D9}.Release|Any CPU.ActiveCfg = Release|Any CPU
		{3082B597-85A8-4BD6-B2B0-9E3E762CD7D9}.Release|Any CPU.Build.0 = Release|Any CPU
		{E10CEA3B-8BCD-40E2-BA74-366AF0100F2C}.Debug|Any CPU.ActiveCfg = Debug|Any CPU
		{E10CEA3B-8BCD-40E2-BA74-366AF0100F2C}.Debug|Any CPU.Build.0 = Debug|Any CPU
		{E10CEA3B-8BCD-40E2-BA74-366AF0100F2C}.Release|Any CPU.ActiveCfg = Release|Any CPU
		{E10CEA3B-8BCD-40E2-BA74-366AF0100F2C}.Release|Any CPU.Build.0 = Release|Any CPU
		{A86DA6FC-D715-4D0B-8705-1383BC16C658}.Debug|Any CPU.ActiveCfg = Debug|Any CPU
		{A86DA6FC-D715-4D0B-8705-1383BC16C658}.Debug|Any CPU.Build.0 = Debug|Any CPU
		{A86DA6FC-D715-4D0B-8705-1383BC16C658}.Release|Any CPU.ActiveCfg = Release|Any CPU
		{A86DA6FC-D715-4D0B-8705-1383BC16C658}.Release|Any CPU.Build.0 = Release|Any CPU
	EndGlobalSection
	GlobalSection(SolutionProperties) = preSolution
		HideSolutionNode = FALSE
	EndGlobalSection
	GlobalSection(ExtensibilityGlobals) = postSolution
		SolutionGuid = {4EE8B21A-FCC9-4F61-84DA-409B23EF5E10}
	EndGlobalSection
EndGlobal
