
Microsoft Visual Studio Solution File, Format Version 12.00
# Visual Studio 15
VisualStudioVersion = 15.0.26730.12
MinimumVisualStudioVersion = 10.0.40219.1
Project("{FAE04EC0-301F-11D3-BF4B-00C04F79EFBC}") = "EdmxConv.Behaviours", "EdmxConv.Behaviours\EdmxConv.Behaviours.csproj", "{8F7EDDFF-A704-4822-91C7-23B006C19CD3}"
EndProject
Project("{FAE04EC0-301F-11D3-BF4B-00C04F79EFBC}") = "EdmxConv.Core", "EdmxConv.Core\EdmxConv.Core.csproj", "{846E4BA9-A0DE-4051-836A-C6C819600BE0}"
EndProject
Project("{FAE04EC0-301F-11D3-BF4B-00C04F79EFBC}") = "EdmxConv.Schema", "EdmxConv.Schema\EdmxConv.Schema.csproj", "{E9ADF77B-B9C7-4BF7-8749-55E3945D3525}"
EndProject
Project("{FAE04EC0-301F-11D3-BF4B-00C04F79EFBC}") = "EdmxConv.WebAPI", "EdmxConv.WebAPI\EdmxConv.WebAPI.csproj", "{5509CBC6-716B-4CD9-AC9D-3B19ECCD1BE8}"
EndProject
Global
	GlobalSection(SolutionConfigurationPlatforms) = preSolution
		Debug|Any CPU = Debug|Any CPU
		Release|Any CPU = Release|Any CPU
	EndGlobalSection
	GlobalSection(ProjectConfigurationPlatforms) = postSolution
		{8F7EDDFF-A704-4822-91C7-23B006C19CD3}.Debug|Any CPU.ActiveCfg = Debug|Any CPU
		{8F7EDDFF-A704-4822-91C7-23B006C19CD3}.Debug|Any CPU.Build.0 = Debug|Any CPU
		{8F7EDDFF-A704-4822-91C7-23B006C19CD3}.Release|Any CPU.ActiveCfg = Release|Any CPU
		{8F7EDDFF-A704-4822-91C7-23B006C19CD3}.Release|Any CPU.Build.0 = Release|Any CPU
		{846E4BA9-A0DE-4051-836A-C6C819600BE0}.Debug|Any CPU.ActiveCfg = Debug|Any CPU
		{846E4BA9-A0DE-4051-836A-C6C819600BE0}.Debug|Any CPU.Build.0 = Debug|Any CPU
		{846E4BA9-A0DE-4051-836A-C6C819600BE0}.Release|Any CPU.ActiveCfg = Release|Any CPU
		{846E4BA9-A0DE-4051-836A-C6C819600BE0}.Release|Any CPU.Build.0 = Release|Any CPU
		{E9ADF77B-B9C7-4BF7-8749-55E3945D3525}.Debug|Any CPU.ActiveCfg = Debug|Any CPU
		{E9ADF77B-B9C7-4BF7-8749-55E3945D3525}.Debug|Any CPU.Build.0 = Debug|Any CPU
		{E9ADF77B-B9C7-4BF7-8749-55E3945D3525}.Release|Any CPU.ActiveCfg = Release|Any CPU
		{E9ADF77B-B9C7-4BF7-8749-55E3945D3525}.Release|Any CPU.Build.0 = Release|Any CPU
		{5509CBC6-716B-4CD9-AC9D-3B19ECCD1BE8}.Debug|Any CPU.ActiveCfg = Debug|Any CPU
		{5509CBC6-716B-4CD9-AC9D-3B19ECCD1BE8}.Debug|Any CPU.Build.0 = Debug|Any CPU
		{5509CBC6-716B-4CD9-AC9D-3B19ECCD1BE8}.Release|Any CPU.ActiveCfg = Release|Any CPU
		{5509CBC6-716B-4CD9-AC9D-3B19ECCD1BE8}.Release|Any CPU.Build.0 = Release|Any CPU
	EndGlobalSection
	GlobalSection(SolutionProperties) = preSolution
		HideSolutionNode = FALSE
	EndGlobalSection
	GlobalSection(ExtensibilityGlobals) = postSolution
		SolutionGuid = {A1C1D7B7-6BDA-470D-A54E-46E4F070FF8A}
	EndGlobalSection
EndGlobal
