
Microsoft Visual Studio Solution File, Format Version 12.00
# Visual Studio 15
VisualStudioVersion = 15.0.26430.16
MinimumVisualStudioVersion = 10.0.40219.1
Project("{FAE04EC0-301F-11D3-BF4B-00C04F79EFBC}") = "SampleDatabase", "SampleDatabase\SampleDatabase.csproj", "{D281EC33-3C38-47F2-B5AC-84FD4F200A88}"
EndProject
Project("{FAE04EC0-301F-11D3-BF4B-00C04F79EFBC}") = "EdmxConverter.DomainLogic.Tests", "EdmxConverter.DomainLogic.Tests\EdmxConverter.DomainLogic.Tests.csproj", "{8285B3EF-EBE2-4739-A2BA-41FA63B78795}"
EndProject
Project("{2150E333-8FDC-42A3-9474-1A3956D46DE8}") = "src", "src", "{FE24A47C-D37B-4620-AB21-CA5F9DF8AAFE}"
EndProject
Project("{2150E333-8FDC-42A3-9474-1A3956D46DE8}") = "tests", "tests", "{8F93487C-B017-4A57-9B4C-7E4512935931}"
EndProject
Project("{2150E333-8FDC-42A3-9474-1A3956D46DE8}") = "sample", "sample", "{54C370C4-82E4-4D53-8E52-3329A7AF4819}"
EndProject
Project("{FAE04EC0-301F-11D3-BF4B-00C04F79EFBC}") = "EdmxConverter.Core", "EdmxConverter.Core\EdmxConverter.Core.csproj", "{C943F01D-ADF5-4127-8976-5005A152AEE7}"
EndProject
Project("{FAE04EC0-301F-11D3-BF4B-00C04F79EFBC}") = "EdmxConverter.DomainLogic", "EdmxConverter.DomainLogic\EdmxConverter.DomainLogic.csproj", "{2402EA58-2B42-418A-9FBF-163969AE96B7}"
EndProject
Project("{FAE04EC0-301F-11D3-BF4B-00C04F79EFBC}") = "EdmxConverter.WebAPI", "EdmxConverter.WebAPI\EdmxConverter.WebAPI.csproj", "{885400DC-EFB0-4C45-8128-C3A602863EC3}"
EndProject
Project("{FAE04EC0-301F-11D3-BF4B-00C04F79EFBC}") = "EdmxConverter.WebAPI.Tests", "EdmxConverter.WebAPI.Tests\EdmxConverter.WebAPI.Tests.csproj", "{DABB3EE2-FC59-4A71-B8F5-6B0D4938BED2}"
EndProject
Global
	GlobalSection(SolutionConfigurationPlatforms) = preSolution
		Debug|Any CPU = Debug|Any CPU
		Release|Any CPU = Release|Any CPU
	EndGlobalSection
	GlobalSection(ProjectConfigurationPlatforms) = postSolution
		{D281EC33-3C38-47F2-B5AC-84FD4F200A88}.Debug|Any CPU.ActiveCfg = Debug|Any CPU
		{D281EC33-3C38-47F2-B5AC-84FD4F200A88}.Debug|Any CPU.Build.0 = Debug|Any CPU
		{D281EC33-3C38-47F2-B5AC-84FD4F200A88}.Release|Any CPU.ActiveCfg = Release|Any CPU
		{D281EC33-3C38-47F2-B5AC-84FD4F200A88}.Release|Any CPU.Build.0 = Release|Any CPU
		{8285B3EF-EBE2-4739-A2BA-41FA63B78795}.Debug|Any CPU.ActiveCfg = Debug|Any CPU
		{8285B3EF-EBE2-4739-A2BA-41FA63B78795}.Debug|Any CPU.Build.0 = Debug|Any CPU
		{8285B3EF-EBE2-4739-A2BA-41FA63B78795}.Release|Any CPU.ActiveCfg = Release|Any CPU
		{8285B3EF-EBE2-4739-A2BA-41FA63B78795}.Release|Any CPU.Build.0 = Release|Any CPU
		{C943F01D-ADF5-4127-8976-5005A152AEE7}.Debug|Any CPU.ActiveCfg = Debug|Any CPU
		{C943F01D-ADF5-4127-8976-5005A152AEE7}.Debug|Any CPU.Build.0 = Debug|Any CPU
		{C943F01D-ADF5-4127-8976-5005A152AEE7}.Release|Any CPU.ActiveCfg = Release|Any CPU
		{C943F01D-ADF5-4127-8976-5005A152AEE7}.Release|Any CPU.Build.0 = Release|Any CPU
		{2402EA58-2B42-418A-9FBF-163969AE96B7}.Debug|Any CPU.ActiveCfg = Debug|Any CPU
		{2402EA58-2B42-418A-9FBF-163969AE96B7}.Debug|Any CPU.Build.0 = Debug|Any CPU
		{2402EA58-2B42-418A-9FBF-163969AE96B7}.Release|Any CPU.ActiveCfg = Release|Any CPU
		{2402EA58-2B42-418A-9FBF-163969AE96B7}.Release|Any CPU.Build.0 = Release|Any CPU
		{885400DC-EFB0-4C45-8128-C3A602863EC3}.Debug|Any CPU.ActiveCfg = Debug|Any CPU
		{885400DC-EFB0-4C45-8128-C3A602863EC3}.Debug|Any CPU.Build.0 = Debug|Any CPU
		{885400DC-EFB0-4C45-8128-C3A602863EC3}.Release|Any CPU.ActiveCfg = Release|Any CPU
		{885400DC-EFB0-4C45-8128-C3A602863EC3}.Release|Any CPU.Build.0 = Release|Any CPU
		{DABB3EE2-FC59-4A71-B8F5-6B0D4938BED2}.Debug|Any CPU.ActiveCfg = Debug|Any CPU
		{DABB3EE2-FC59-4A71-B8F5-6B0D4938BED2}.Debug|Any CPU.Build.0 = Debug|Any CPU
		{DABB3EE2-FC59-4A71-B8F5-6B0D4938BED2}.Release|Any CPU.ActiveCfg = Release|Any CPU
		{DABB3EE2-FC59-4A71-B8F5-6B0D4938BED2}.Release|Any CPU.Build.0 = Release|Any CPU
	EndGlobalSection
	GlobalSection(SolutionProperties) = preSolution
		HideSolutionNode = FALSE
	EndGlobalSection
	GlobalSection(NestedProjects) = preSolution
		{D281EC33-3C38-47F2-B5AC-84FD4F200A88} = {54C370C4-82E4-4D53-8E52-3329A7AF4819}
		{8285B3EF-EBE2-4739-A2BA-41FA63B78795} = {8F93487C-B017-4A57-9B4C-7E4512935931}
		{C943F01D-ADF5-4127-8976-5005A152AEE7} = {FE24A47C-D37B-4620-AB21-CA5F9DF8AAFE}
		{2402EA58-2B42-418A-9FBF-163969AE96B7} = {FE24A47C-D37B-4620-AB21-CA5F9DF8AAFE}
		{885400DC-EFB0-4C45-8128-C3A602863EC3} = {FE24A47C-D37B-4620-AB21-CA5F9DF8AAFE}
		{DABB3EE2-FC59-4A71-B8F5-6B0D4938BED2} = {8F93487C-B017-4A57-9B4C-7E4512935931}
	EndGlobalSection
EndGlobal
